{
  "originHash" : "d563c6be3242d13d6951b3befdea1c72db3a1936ed945e215f5cd99e2e8ff1fb",
  "pins" : [
    {
      "identity" : "bluesocket",
      "kind" : "remoteSourceControl",
      "location" : "https://github.com/IBM-Swift/BlueSocket.git",
      "state" : {
        "revision" : "c9894fd117457f1d006575fbfb2fdfd6f79eac03",
        "version" : "1.0.200"
      }
    },
    {
      "identity" : "coreswiftvisa",
      "kind" : "remoteSourceControl",
      "location" : "https://github.com/SwiftVISA/CoreSwiftVISA.git",
      "state" : {
        "branch" : "actor",
        "revision" : "229f53ba130653b4945188a94a0bbeea5d21ea6f"
      }
    },
    {
      "identity" : "printersyringepumpcontroller",
      "kind" : "remoteSourceControl",
      "location" : "https://github.com/HildrethResearchGroup/PrinterSyringePumpController.git",
      "state" : {
        "branch" : "main",
        "revision" : "b151472fe42345ceea1169ccece5efa516bf3efe"
      }
    },
    {
      "identity" : "seeayaui",
      "kind" : "remoteSourceControl",
      "location" : "https://github.com/seeaya/SeeayaUI.git",
      "state" : {
        "branch" : "main",
        "revision" : "5e78b273becb70b88bd3fc3fe5e55d029e99befd"
      }
    },
    {
      "identity" : "swiftvisaswift",
      "kind" : "remoteSourceControl",
      "location" : "https://github.com/SwiftVISA/SwiftVISASwift.git",
      "state" : {
        "branch" : "actor",
        "revision" : "1ccb532a7967fb0c37a503d2aa15f999991bae2d"
      }
    },
    {
      "identity" : "xpsq8kit",
      "kind" : "remoteSourceControl",
      "location" : "https://github.com/HildrethResearchGroup/XPSQ8Kit.git",
      "state" : {
        "branch" : "actor",
        "revision" : "c45c281d022720ea0537346780290d9a3e75c529"
      }
    }
  ],
  "version" : 3
}
